
Microsoft Visual Studio Solution File, Format Version 12.00
# Visual Studio Version 17
VisualStudioVersion = 17.14.36301.6
MinimumVisualStudioVersion = 10.0.40219.1
Project("{FAE04EC0-301F-11D3-BF4B-00C04F79EFBC}") = "CCB.API", "CCB.API\CCB.API.csproj", "{69F3BD87-4337-4DC8-9B78-06182F95BF69}"
EndProject
Global
	GlobalSection(SolutionConfigurationPlatforms) = preSolution
		Debug|Any CPU = Debug|Any CPU
		Release|Any CPU = Release|Any CPU
	EndGlobalSection
	GlobalSection(ProjectConfigurationPlatforms) = postSolution
		{69F3BD87-4337-4DC8-9B78-06182F95BF69}.Debug|Any CPU.ActiveCfg = Debug|Any CPU
		{69F3BD87-4337-4DC8-9B78-06182F95BF69}.Debug|Any CPU.Build.0 = Debug|Any CPU
		{69F3BD87-4337-4DC8-9B78-06182F95BF69}.Release|Any CPU.ActiveCfg = Release|Any CPU
		{69F3BD87-4337-4DC8-9B78-06182F95BF69}.Release|Any CPU.Build.0 = Release|Any CPU
	EndGlobalSection
	GlobalSection(SolutionProperties) = preSolution
		HideSolutionNode = FALSE
	EndGlobalSection
	GlobalSection(ExtensibilityGlobals) = postSolution
		SolutionGuid = {F7081BA9-0C79-4C4A-96B1-71201ACE1743}
	EndGlobalSection
EndGlobal
